
Microsoft Visual Studio Solution File, Format Version 12.00
# Visual Studio 2013
VisualStudioVersion = 12.0.31101.0
MinimumVisualStudioVersion = 10.0.40219.1
Project("{FAE04EC0-301F-11D3-BF4B-00C04F79EFBC}") = "04_HelloCSharp", "HelloCSharp\04_HelloCSharp.csproj", "{FE22B711-26AD-435D-895A-91A57F25FD8F}"
EndProject
Project("{FAE04EC0-301F-11D3-BF4B-00C04F79EFBC}") = "05_PrintMyName", "PrintMyName\05_PrintMyName.csproj", "{3D39323B-43F3-49AF-8F27-93021808D1A7}"
EndProject
Project("{FAE04EC0-301F-11D3-BF4B-00C04F79EFBC}") = "06_PrintNumbers", "PrintNumbers\06_PrintNumbers.csproj", "{0B6D6B41-E16A-4C4B-B675-462E10C2E7AC}"
EndProject
Project("{FAE04EC0-301F-11D3-BF4B-00C04F79EFBC}") = "07_FirstLastName", "FirstLastName\07_FirstLastName.csproj", "{8904F86F-598F-414B-A088-38FB44FE0E99}"
EndProject
Project("{FAE04EC0-301F-11D3-BF4B-00C04F79EFBC}") = "08_Sqrt12345", "Sqrt12345\08_Sqrt12345.csproj", "{B1CD6A10-EFA0-426B-8E54-AE6E2BAEB0CF}"
EndProject
Project("{FAE04EC0-301F-11D3-BF4B-00C04F79EFBC}") = "09_Sequqnce2-3", "Sequqnce2-3\09_Sequqnce2-3.csproj", "{AE242411-3906-4ADD-B238-01B93E6A5FCF}"
EndProject
Project("{FAE04EC0-301F-11D3-BF4B-00C04F79EFBC}") = "10_HorribleCode", "HorribleCode\10_HorribleCode.csproj", "{E480A773-4FFA-426B-985B-F0358816390C}"
EndProject
Project("{FAE04EC0-301F-11D3-BF4B-00C04F79EFBC}") = "14_DayTime", "DayTime\14_DayTime.csproj", "{24DD9E47-346F-441A-94DD-30F9327806C7}"
EndProject
Project("{FAE04EC0-301F-11D3-BF4B-00C04F79EFBC}") = "15_AgeAfter10", "AgeAfter10\15_AgeAfter10.csproj", "{97841B50-B29B-4E5A-A83A-8DE6026AE3F4}"
EndProject
Project("{FAE04EC0-301F-11D3-BF4B-00C04F79EFBC}") = "16_LongSequance", "LongSequance\16_LongSequance.csproj", "{674A8C0B-076C-4618-957D-DD7AAD34DB17}"
EndProject
Project("{FAE04EC0-301F-11D3-BF4B-00C04F79EFBC}") = "17_DebugTest", "DebugTest\17_DebugTest.csproj", "{EE96B222-9DE5-4B5B-AF02-3CEAAE9E59BE}"
EndProject
Global
	GlobalSection(SolutionConfigurationPlatforms) = preSolution
		Debug|Any CPU = Debug|Any CPU
		Release|Any CPU = Release|Any CPU
	EndGlobalSection
	GlobalSection(ProjectConfigurationPlatforms) = postSolution
		{FE22B711-26AD-435D-895A-91A57F25FD8F}.Debug|Any CPU.ActiveCfg = Debug|Any CPU
		{FE22B711-26AD-435D-895A-91A57F25FD8F}.Debug|Any CPU.Build.0 = Debug|Any CPU
		{FE22B711-26AD-435D-895A-91A57F25FD8F}.Release|Any CPU.ActiveCfg = Release|Any CPU
		{FE22B711-26AD-435D-895A-91A57F25FD8F}.Release|Any CPU.Build.0 = Release|Any CPU
		{3D39323B-43F3-49AF-8F27-93021808D1A7}.Debug|Any CPU.ActiveCfg = Debug|Any CPU
		{3D39323B-43F3-49AF-8F27-93021808D1A7}.Debug|Any CPU.Build.0 = Debug|Any CPU
		{3D39323B-43F3-49AF-8F27-93021808D1A7}.Release|Any CPU.ActiveCfg = Release|Any CPU
		{3D39323B-43F3-49AF-8F27-93021808D1A7}.Release|Any CPU.Build.0 = Release|Any CPU
		{0B6D6B41-E16A-4C4B-B675-462E10C2E7AC}.Debug|Any CPU.ActiveCfg = Debug|Any CPU
		{0B6D6B41-E16A-4C4B-B675-462E10C2E7AC}.Debug|Any CPU.Build.0 = Debug|Any CPU
		{0B6D6B41-E16A-4C4B-B675-462E10C2E7AC}.Release|Any CPU.ActiveCfg = Release|Any CPU
		{0B6D6B41-E16A-4C4B-B675-462E10C2E7AC}.Release|Any CPU.Build.0 = Release|Any CPU
		{8904F86F-598F-414B-A088-38FB44FE0E99}.Debug|Any CPU.ActiveCfg = Debug|Any CPU
		{8904F86F-598F-414B-A088-38FB44FE0E99}.Debug|Any CPU.Build.0 = Debug|Any CPU
		{8904F86F-598F-414B-A088-38FB44FE0E99}.Release|Any CPU.ActiveCfg = Release|Any CPU
		{8904F86F-598F-414B-A088-38FB44FE0E99}.Release|Any CPU.Build.0 = Release|Any CPU
		{B1CD6A10-EFA0-426B-8E54-AE6E2BAEB0CF}.Debug|Any CPU.ActiveCfg = Debug|Any CPU
		{B1CD6A10-EFA0-426B-8E54-AE6E2BAEB0CF}.Debug|Any CPU.Build.0 = Debug|Any CPU
		{B1CD6A10-EFA0-426B-8E54-AE6E2BAEB0CF}.Release|Any CPU.ActiveCfg = Release|Any CPU
		{B1CD6A10-EFA0-426B-8E54-AE6E2BAEB0CF}.Release|Any CPU.Build.0 = Release|Any CPU
		{AE242411-3906-4ADD-B238-01B93E6A5FCF}.Debug|Any CPU.ActiveCfg = Debug|Any CPU
		{AE242411-3906-4ADD-B238-01B93E6A5FCF}.Debug|Any CPU.Build.0 = Debug|Any CPU
		{AE242411-3906-4ADD-B238-01B93E6A5FCF}.Release|Any CPU.ActiveCfg = Release|Any CPU
		{AE242411-3906-4ADD-B238-01B93E6A5FCF}.Release|Any CPU.Build.0 = Release|Any CPU
		{E480A773-4FFA-426B-985B-F0358816390C}.Debug|Any CPU.ActiveCfg = Debug|Any CPU
		{E480A773-4FFA-426B-985B-F0358816390C}.Debug|Any CPU.Build.0 = Debug|Any CPU
		{E480A773-4FFA-426B-985B-F0358816390C}.Release|Any CPU.ActiveCfg = Release|Any CPU
		{E480A773-4FFA-426B-985B-F0358816390C}.Release|Any CPU.Build.0 = Release|Any CPU
		{24DD9E47-346F-441A-94DD-30F9327806C7}.Debug|Any CPU.ActiveCfg = Debug|Any CPU
		{24DD9E47-346F-441A-94DD-30F9327806C7}.Debug|Any CPU.Build.0 = Debug|Any CPU
		{24DD9E47-346F-441A-94DD-30F9327806C7}.Release|Any CPU.ActiveCfg = Release|Any CPU
		{24DD9E47-346F-441A-94DD-30F9327806C7}.Release|Any CPU.Build.0 = Release|Any CPU
		{97841B50-B29B-4E5A-A83A-8DE6026AE3F4}.Debug|Any CPU.ActiveCfg = Debug|Any CPU
		{97841B50-B29B-4E5A-A83A-8DE6026AE3F4}.Debug|Any CPU.Build.0 = Debug|Any CPU
		{97841B50-B29B-4E5A-A83A-8DE6026AE3F4}.Release|Any CPU.ActiveCfg = Release|Any CPU
		{97841B50-B29B-4E5A-A83A-8DE6026AE3F4}.Release|Any CPU.Build.0 = Release|Any CPU
		{674A8C0B-076C-4618-957D-DD7AAD34DB17}.Debug|Any CPU.ActiveCfg = Debug|Any CPU
		{674A8C0B-076C-4618-957D-DD7AAD34DB17}.Debug|Any CPU.Build.0 = Debug|Any CPU
		{674A8C0B-076C-4618-957D-DD7AAD34DB17}.Release|Any CPU.ActiveCfg = Release|Any CPU
		{674A8C0B-076C-4618-957D-DD7AAD34DB17}.Release|Any CPU.Build.0 = Release|Any CPU
		{EE96B222-9DE5-4B5B-AF02-3CEAAE9E59BE}.Debug|Any CPU.ActiveCfg = Debug|Any CPU
		{EE96B222-9DE5-4B5B-AF02-3CEAAE9E59BE}.Debug|Any CPU.Build.0 = Debug|Any CPU
		{EE96B222-9DE5-4B5B-AF02-3CEAAE9E59BE}.Release|Any CPU.ActiveCfg = Release|Any CPU
		{EE96B222-9DE5-4B5B-AF02-3CEAAE9E59BE}.Release|Any CPU.Build.0 = Release|Any CPU
	EndGlobalSection
	GlobalSection(SolutionProperties) = preSolution
		HideSolutionNode = FALSE
	EndGlobalSection
EndGlobal
