
Microsoft Visual Studio Solution File, Format Version 12.00
# Visual Studio 2013
VisualStudioVersion = 12.0.31101.0
MinimumVisualStudioVersion = 10.0.40219.1
Project("{FAE04EC0-301F-11D3-BF4B-00C04F79EFBC}") = "01SumOf3", "SumOf3\01SumOf3.csproj", "{C509CD6A-C96C-4AF6-AB8D-4BC5E9BA38CA}"
EndProject
Project("{FAE04EC0-301F-11D3-BF4B-00C04F79EFBC}") = "02PrintCompanyInfo", "PrintCompanyInfo\02PrintCompanyInfo.csproj", "{6FF6F609-C93D-4F25-8100-13990C5673C9}"
EndProject
Project("{FAE04EC0-301F-11D3-BF4B-00C04F79EFBC}") = "03CirclePerimeterArea", "CirclePerimeterArea\03CirclePerimeterArea.csproj", "{E00E498B-73D6-44B3-B176-28CC1895E1E0}"
EndProject
Project("{FAE04EC0-301F-11D3-BF4B-00C04F79EFBC}") = "04NumberComparer", "NumberComparer\04NumberComparer.csproj", "{DF358027-1469-4063-B2EB-68EFAB760B4C}"
EndProject
Project("{FAE04EC0-301F-11D3-BF4B-00C04F79EFBC}") = "05FormattingNumbers", "FormattingNumbers\05FormattingNumbers.csproj", "{AB701488-DF06-48A4-9B58-3C3A790C4737}"
EndProject
Project("{FAE04EC0-301F-11D3-BF4B-00C04F79EFBC}") = "06QuadraticEquation", "QuadraticEquation\06QuadraticEquation.csproj", "{5AF6FE6B-BF96-4F34-B463-C404C9089FBD}"
EndProject
Project("{FAE04EC0-301F-11D3-BF4B-00C04F79EFBC}") = "07SumOf5", "SumOf5\07SumOf5.csproj", "{1FA8FC4B-3831-41C8-A020-0211AEFA90D2}"
EndProject
Project("{FAE04EC0-301F-11D3-BF4B-00C04F79EFBC}") = "08PrintNNumbers", "PrintNNumbers\08PrintNNumbers.csproj", "{E26C763C-6DCB-4D13-AA5D-6EB3036FC202}"
EndProject
Project("{FAE04EC0-301F-11D3-BF4B-00C04F79EFBC}") = "09SumOfNNum", "SumOfNNum\09SumOfNNum.csproj", "{41F277D5-2D62-4241-9F47-AE994708F0E1}"
EndProject
Project("{FAE04EC0-301F-11D3-BF4B-00C04F79EFBC}") = "10FibonacciNumbers", "FibonacciNumbers\10FibonacciNumbers.csproj", "{5FE34F67-7300-4526-8D68-8FA6C69ED117}"
EndProject
Project("{FAE04EC0-301F-11D3-BF4B-00C04F79EFBC}") = "11IntervalDevide05", "IntervalDevide05\11IntervalDevide05.csproj", "{FF395BC4-47E4-4E85-B166-EF8CF7B8BE37}"
EndProject
Global
	GlobalSection(SolutionConfigurationPlatforms) = preSolution
		Debug|Any CPU = Debug|Any CPU
		Release|Any CPU = Release|Any CPU
	EndGlobalSection
	GlobalSection(ProjectConfigurationPlatforms) = postSolution
		{C509CD6A-C96C-4AF6-AB8D-4BC5E9BA38CA}.Debug|Any CPU.ActiveCfg = Debug|Any CPU
		{C509CD6A-C96C-4AF6-AB8D-4BC5E9BA38CA}.Debug|Any CPU.Build.0 = Debug|Any CPU
		{C509CD6A-C96C-4AF6-AB8D-4BC5E9BA38CA}.Release|Any CPU.ActiveCfg = Release|Any CPU
		{C509CD6A-C96C-4AF6-AB8D-4BC5E9BA38CA}.Release|Any CPU.Build.0 = Release|Any CPU
		{6FF6F609-C93D-4F25-8100-13990C5673C9}.Debug|Any CPU.ActiveCfg = Debug|Any CPU
		{6FF6F609-C93D-4F25-8100-13990C5673C9}.Debug|Any CPU.Build.0 = Debug|Any CPU
		{6FF6F609-C93D-4F25-8100-13990C5673C9}.Release|Any CPU.ActiveCfg = Release|Any CPU
		{6FF6F609-C93D-4F25-8100-13990C5673C9}.Release|Any CPU.Build.0 = Release|Any CPU
		{E00E498B-73D6-44B3-B176-28CC1895E1E0}.Debug|Any CPU.ActiveCfg = Debug|Any CPU
		{E00E498B-73D6-44B3-B176-28CC1895E1E0}.Debug|Any CPU.Build.0 = Debug|Any CPU
		{E00E498B-73D6-44B3-B176-28CC1895E1E0}.Release|Any CPU.ActiveCfg = Release|Any CPU
		{E00E498B-73D6-44B3-B176-28CC1895E1E0}.Release|Any CPU.Build.0 = Release|Any CPU
		{DF358027-1469-4063-B2EB-68EFAB760B4C}.Debug|Any CPU.ActiveCfg = Debug|Any CPU
		{DF358027-1469-4063-B2EB-68EFAB760B4C}.Debug|Any CPU.Build.0 = Debug|Any CPU
		{DF358027-1469-4063-B2EB-68EFAB760B4C}.Release|Any CPU.ActiveCfg = Release|Any CPU
		{DF358027-1469-4063-B2EB-68EFAB760B4C}.Release|Any CPU.Build.0 = Release|Any CPU
		{AB701488-DF06-48A4-9B58-3C3A790C4737}.Debug|Any CPU.ActiveCfg = Debug|Any CPU
		{AB701488-DF06-48A4-9B58-3C3A790C4737}.Debug|Any CPU.Build.0 = Debug|Any CPU
		{AB701488-DF06-48A4-9B58-3C3A790C4737}.Release|Any CPU.ActiveCfg = Release|Any CPU
		{AB701488-DF06-48A4-9B58-3C3A790C4737}.Release|Any CPU.Build.0 = Release|Any CPU
		{5AF6FE6B-BF96-4F34-B463-C404C9089FBD}.Debug|Any CPU.ActiveCfg = Debug|Any CPU
		{5AF6FE6B-BF96-4F34-B463-C404C9089FBD}.Debug|Any CPU.Build.0 = Debug|Any CPU
		{5AF6FE6B-BF96-4F34-B463-C404C9089FBD}.Release|Any CPU.ActiveCfg = Release|Any CPU
		{5AF6FE6B-BF96-4F34-B463-C404C9089FBD}.Release|Any CPU.Build.0 = Release|Any CPU
		{1FA8FC4B-3831-41C8-A020-0211AEFA90D2}.Debug|Any CPU.ActiveCfg = Debug|Any CPU
		{1FA8FC4B-3831-41C8-A020-0211AEFA90D2}.Debug|Any CPU.Build.0 = Debug|Any CPU
		{1FA8FC4B-3831-41C8-A020-0211AEFA90D2}.Release|Any CPU.ActiveCfg = Release|Any CPU
		{1FA8FC4B-3831-41C8-A020-0211AEFA90D2}.Release|Any CPU.Build.0 = Release|Any CPU
		{E26C763C-6DCB-4D13-AA5D-6EB3036FC202}.Debug|Any CPU.ActiveCfg = Debug|Any CPU
		{E26C763C-6DCB-4D13-AA5D-6EB3036FC202}.Debug|Any CPU.Build.0 = Debug|Any CPU
		{E26C763C-6DCB-4D13-AA5D-6EB3036FC202}.Release|Any CPU.ActiveCfg = Release|Any CPU
		{E26C763C-6DCB-4D13-AA5D-6EB3036FC202}.Release|Any CPU.Build.0 = Release|Any CPU
		{41F277D5-2D62-4241-9F47-AE994708F0E1}.Debug|Any CPU.ActiveCfg = Debug|Any CPU
		{41F277D5-2D62-4241-9F47-AE994708F0E1}.Debug|Any CPU.Build.0 = Debug|Any CPU
		{41F277D5-2D62-4241-9F47-AE994708F0E1}.Release|Any CPU.ActiveCfg = Release|Any CPU
		{41F277D5-2D62-4241-9F47-AE994708F0E1}.Release|Any CPU.Build.0 = Release|Any CPU
		{5FE34F67-7300-4526-8D68-8FA6C69ED117}.Debug|Any CPU.ActiveCfg = Debug|Any CPU
		{5FE34F67-7300-4526-8D68-8FA6C69ED117}.Debug|Any CPU.Build.0 = Debug|Any CPU
		{5FE34F67-7300-4526-8D68-8FA6C69ED117}.Release|Any CPU.ActiveCfg = Release|Any CPU
		{5FE34F67-7300-4526-8D68-8FA6C69ED117}.Release|Any CPU.Build.0 = Release|Any CPU
		{FF395BC4-47E4-4E85-B166-EF8CF7B8BE37}.Debug|Any CPU.ActiveCfg = Debug|Any CPU
		{FF395BC4-47E4-4E85-B166-EF8CF7B8BE37}.Debug|Any CPU.Build.0 = Debug|Any CPU
		{FF395BC4-47E4-4E85-B166-EF8CF7B8BE37}.Release|Any CPU.ActiveCfg = Release|Any CPU
		{FF395BC4-47E4-4E85-B166-EF8CF7B8BE37}.Release|Any CPU.Build.0 = Release|Any CPU
	EndGlobalSection
	GlobalSection(SolutionProperties) = preSolution
		HideSolutionNode = FALSE
	EndGlobalSection
EndGlobal
