
Microsoft Visual Studio Solution File, Format Version 12.00
# Visual Studio 2013
VisualStudioVersion = 12.0.31101.0
MinimumVisualStudioVersion = 10.0.40219.1
Project("{FAE04EC0-301F-11D3-BF4B-00C04F79EFBC}") = "01DeclareVariables", "DeclareVariables\01DeclareVariables.csproj", "{A7C391EB-5291-4CC6-B86E-21FCDC547FA9}"
EndProject
Project("{FAE04EC0-301F-11D3-BF4B-00C04F79EFBC}") = "02FloatDouble", "FloatDouble\02FloatDouble.csproj", "{FB1C0512-C5F7-4457-8E46-E25EECB08FE9}"
EndProject
Project("{FAE04EC0-301F-11D3-BF4B-00C04F79EFBC}") = "03Hex", "Hex\03Hex.csproj", "{F68B9FAC-EF3B-4E9A-B56C-24375F2CB83E}"
EndProject
Project("{FAE04EC0-301F-11D3-BF4B-00C04F79EFBC}") = "04Character", "Character\04Character.csproj", "{FF3C013D-A499-49DA-9468-D0379BE4C3EC}"
EndProject
Project("{FAE04EC0-301F-11D3-BF4B-00C04F79EFBC}") = "05BoolFem", "BoolFem\05BoolFem.csproj", "{6E615317-326B-47D0-8149-4C65B678A6C6}"
EndProject
Project("{FAE04EC0-301F-11D3-BF4B-00C04F79EFBC}") = "06ObjectString", "ObjectString\06ObjectString.csproj", "{9EBA147D-4297-493B-8863-CFDAF6DB97C3}"
EndProject
Project("{FAE04EC0-301F-11D3-BF4B-00C04F79EFBC}") = "07QuotesInString", "QuotesInString\07QuotesInString.csproj", "{59428B30-7C88-460E-A1A3-0A6EA10B133A}"
EndProject
Project("{FAE04EC0-301F-11D3-BF4B-00C04F79EFBC}") = "08IsoscelesTriangle", "IsoscelesTriangle\08IsoscelesTriangle.csproj", "{979EAF5C-1C24-4F7A-B186-FDD508F9E007}"
EndProject
Project("{FAE04EC0-301F-11D3-BF4B-00C04F79EFBC}") = "09ExchangeValues", "ExchangeValues\09ExchangeValues.csproj", "{52526615-0B28-4EC1-B411-0E92CDF1EE8B}"
EndProject
Project("{FAE04EC0-301F-11D3-BF4B-00C04F79EFBC}") = "10EmployeeData", "EmployeeData\10EmployeeData.csproj", "{9447B7E6-4BE0-4E2B-BABE-2EDC3D26F3EE}"
EndProject
Project("{FAE04EC0-301F-11D3-BF4B-00C04F79EFBC}") = "11BankAccount", "BankAccount\11BankAccount.csproj", "{C9AB6E67-0B45-463B-927B-F2D968595F99}"
EndProject
Project("{FAE04EC0-301F-11D3-BF4B-00C04F79EFBC}") = "12NullValues", "NullValues\12NullValues.csproj", "{E9525AEC-DA5D-4855-A70E-B435DFCEA641}"
EndProject
Project("{FAE04EC0-301F-11D3-BF4B-00C04F79EFBC}") = "13ComparingFloats", "ComparingFloats\13ComparingFloats.csproj", "{AB60779A-370F-461A-980B-61448A7E950C}"
EndProject
Project("{FAE04EC0-301F-11D3-BF4B-00C04F79EFBC}") = "14AsciiTable", "AsciiTable\14AsciiTable.csproj", "{55303237-5E39-49E9-A49C-97ADA61E4390}"
EndProject
Project("{FAE04EC0-301F-11D3-BF4B-00C04F79EFBC}") = "CirillicLetters", "other\CirillicLetters.csproj", "{40469A2D-E061-4635-9305-584835BD73EE}"
EndProject
Project("{FAE04EC0-301F-11D3-BF4B-00C04F79EFBC}") = "CurrencySymbols", "CurrencySymbols\CurrencySymbols.csproj", "{D1241456-2AF4-4160-903E-8F546953066F}"
EndProject
Global
	GlobalSection(SolutionConfigurationPlatforms) = preSolution
		Debug|Any CPU = Debug|Any CPU
		Release|Any CPU = Release|Any CPU
	EndGlobalSection
	GlobalSection(ProjectConfigurationPlatforms) = postSolution
		{A7C391EB-5291-4CC6-B86E-21FCDC547FA9}.Debug|Any CPU.ActiveCfg = Debug|Any CPU
		{A7C391EB-5291-4CC6-B86E-21FCDC547FA9}.Debug|Any CPU.Build.0 = Debug|Any CPU
		{A7C391EB-5291-4CC6-B86E-21FCDC547FA9}.Release|Any CPU.ActiveCfg = Release|Any CPU
		{A7C391EB-5291-4CC6-B86E-21FCDC547FA9}.Release|Any CPU.Build.0 = Release|Any CPU
		{FB1C0512-C5F7-4457-8E46-E25EECB08FE9}.Debug|Any CPU.ActiveCfg = Debug|Any CPU
		{FB1C0512-C5F7-4457-8E46-E25EECB08FE9}.Debug|Any CPU.Build.0 = Debug|Any CPU
		{FB1C0512-C5F7-4457-8E46-E25EECB08FE9}.Release|Any CPU.ActiveCfg = Release|Any CPU
		{FB1C0512-C5F7-4457-8E46-E25EECB08FE9}.Release|Any CPU.Build.0 = Release|Any CPU
		{F68B9FAC-EF3B-4E9A-B56C-24375F2CB83E}.Debug|Any CPU.ActiveCfg = Debug|Any CPU
		{F68B9FAC-EF3B-4E9A-B56C-24375F2CB83E}.Debug|Any CPU.Build.0 = Debug|Any CPU
		{F68B9FAC-EF3B-4E9A-B56C-24375F2CB83E}.Release|Any CPU.ActiveCfg = Release|Any CPU
		{F68B9FAC-EF3B-4E9A-B56C-24375F2CB83E}.Release|Any CPU.Build.0 = Release|Any CPU
		{FF3C013D-A499-49DA-9468-D0379BE4C3EC}.Debug|Any CPU.ActiveCfg = Debug|Any CPU
		{FF3C013D-A499-49DA-9468-D0379BE4C3EC}.Debug|Any CPU.Build.0 = Debug|Any CPU
		{FF3C013D-A499-49DA-9468-D0379BE4C3EC}.Release|Any CPU.ActiveCfg = Release|Any CPU
		{FF3C013D-A499-49DA-9468-D0379BE4C3EC}.Release|Any CPU.Build.0 = Release|Any CPU
		{6E615317-326B-47D0-8149-4C65B678A6C6}.Debug|Any CPU.ActiveCfg = Debug|Any CPU
		{6E615317-326B-47D0-8149-4C65B678A6C6}.Debug|Any CPU.Build.0 = Debug|Any CPU
		{6E615317-326B-47D0-8149-4C65B678A6C6}.Release|Any CPU.ActiveCfg = Release|Any CPU
		{6E615317-326B-47D0-8149-4C65B678A6C6}.Release|Any CPU.Build.0 = Release|Any CPU
		{9EBA147D-4297-493B-8863-CFDAF6DB97C3}.Debug|Any CPU.ActiveCfg = Debug|Any CPU
		{9EBA147D-4297-493B-8863-CFDAF6DB97C3}.Debug|Any CPU.Build.0 = Debug|Any CPU
		{9EBA147D-4297-493B-8863-CFDAF6DB97C3}.Release|Any CPU.ActiveCfg = Release|Any CPU
		{9EBA147D-4297-493B-8863-CFDAF6DB97C3}.Release|Any CPU.Build.0 = Release|Any CPU
		{59428B30-7C88-460E-A1A3-0A6EA10B133A}.Debug|Any CPU.ActiveCfg = Debug|Any CPU
		{59428B30-7C88-460E-A1A3-0A6EA10B133A}.Debug|Any CPU.Build.0 = Debug|Any CPU
		{59428B30-7C88-460E-A1A3-0A6EA10B133A}.Release|Any CPU.ActiveCfg = Release|Any CPU
		{59428B30-7C88-460E-A1A3-0A6EA10B133A}.Release|Any CPU.Build.0 = Release|Any CPU
		{979EAF5C-1C24-4F7A-B186-FDD508F9E007}.Debug|Any CPU.ActiveCfg = Debug|Any CPU
		{979EAF5C-1C24-4F7A-B186-FDD508F9E007}.Debug|Any CPU.Build.0 = Debug|Any CPU
		{979EAF5C-1C24-4F7A-B186-FDD508F9E007}.Release|Any CPU.ActiveCfg = Release|Any CPU
		{979EAF5C-1C24-4F7A-B186-FDD508F9E007}.Release|Any CPU.Build.0 = Release|Any CPU
		{52526615-0B28-4EC1-B411-0E92CDF1EE8B}.Debug|Any CPU.ActiveCfg = Debug|Any CPU
		{52526615-0B28-4EC1-B411-0E92CDF1EE8B}.Debug|Any CPU.Build.0 = Debug|Any CPU
		{52526615-0B28-4EC1-B411-0E92CDF1EE8B}.Release|Any CPU.ActiveCfg = Release|Any CPU
		{52526615-0B28-4EC1-B411-0E92CDF1EE8B}.Release|Any CPU.Build.0 = Release|Any CPU
		{9447B7E6-4BE0-4E2B-BABE-2EDC3D26F3EE}.Debug|Any CPU.ActiveCfg = Debug|Any CPU
		{9447B7E6-4BE0-4E2B-BABE-2EDC3D26F3EE}.Debug|Any CPU.Build.0 = Debug|Any CPU
		{9447B7E6-4BE0-4E2B-BABE-2EDC3D26F3EE}.Release|Any CPU.ActiveCfg = Release|Any CPU
		{9447B7E6-4BE0-4E2B-BABE-2EDC3D26F3EE}.Release|Any CPU.Build.0 = Release|Any CPU
		{C9AB6E67-0B45-463B-927B-F2D968595F99}.Debug|Any CPU.ActiveCfg = Debug|Any CPU
		{C9AB6E67-0B45-463B-927B-F2D968595F99}.Debug|Any CPU.Build.0 = Debug|Any CPU
		{C9AB6E67-0B45-463B-927B-F2D968595F99}.Release|Any CPU.ActiveCfg = Release|Any CPU
		{C9AB6E67-0B45-463B-927B-F2D968595F99}.Release|Any CPU.Build.0 = Release|Any CPU
		{E9525AEC-DA5D-4855-A70E-B435DFCEA641}.Debug|Any CPU.ActiveCfg = Debug|Any CPU
		{E9525AEC-DA5D-4855-A70E-B435DFCEA641}.Debug|Any CPU.Build.0 = Debug|Any CPU
		{E9525AEC-DA5D-4855-A70E-B435DFCEA641}.Release|Any CPU.ActiveCfg = Release|Any CPU
		{E9525AEC-DA5D-4855-A70E-B435DFCEA641}.Release|Any CPU.Build.0 = Release|Any CPU
		{AB60779A-370F-461A-980B-61448A7E950C}.Debug|Any CPU.ActiveCfg = Debug|Any CPU
		{AB60779A-370F-461A-980B-61448A7E950C}.Debug|Any CPU.Build.0 = Debug|Any CPU
		{AB60779A-370F-461A-980B-61448A7E950C}.Release|Any CPU.ActiveCfg = Release|Any CPU
		{AB60779A-370F-461A-980B-61448A7E950C}.Release|Any CPU.Build.0 = Release|Any CPU
		{55303237-5E39-49E9-A49C-97ADA61E4390}.Debug|Any CPU.ActiveCfg = Debug|Any CPU
		{55303237-5E39-49E9-A49C-97ADA61E4390}.Debug|Any CPU.Build.0 = Debug|Any CPU
		{55303237-5E39-49E9-A49C-97ADA61E4390}.Release|Any CPU.ActiveCfg = Release|Any CPU
		{55303237-5E39-49E9-A49C-97ADA61E4390}.Release|Any CPU.Build.0 = Release|Any CPU
		{40469A2D-E061-4635-9305-584835BD73EE}.Debug|Any CPU.ActiveCfg = Debug|Any CPU
		{40469A2D-E061-4635-9305-584835BD73EE}.Debug|Any CPU.Build.0 = Debug|Any CPU
		{40469A2D-E061-4635-9305-584835BD73EE}.Release|Any CPU.ActiveCfg = Release|Any CPU
		{40469A2D-E061-4635-9305-584835BD73EE}.Release|Any CPU.Build.0 = Release|Any CPU
		{D1241456-2AF4-4160-903E-8F546953066F}.Debug|Any CPU.ActiveCfg = Debug|Any CPU
		{D1241456-2AF4-4160-903E-8F546953066F}.Debug|Any CPU.Build.0 = Debug|Any CPU
		{D1241456-2AF4-4160-903E-8F546953066F}.Release|Any CPU.ActiveCfg = Release|Any CPU
		{D1241456-2AF4-4160-903E-8F546953066F}.Release|Any CPU.Build.0 = Release|Any CPU
	EndGlobalSection
	GlobalSection(SolutionProperties) = preSolution
		HideSolutionNode = FALSE
	EndGlobalSection
EndGlobal
